
Microsoft Visual Studio Solution File, Format Version 11.00
# Visual Studio 2010
Project("{FAE04EC0-301F-11D3-BF4B-00C04F79EFBC}") = "Assembly-CSharp-firstpass", "Assembly-CSharp-firstpass.csproj", "{79341a73-b3f2-3e12-4ed9-45f88f48a466}"
EndProject
Project("{FAE04EC0-301F-11D3-BF4B-00C04F79EFBC}") = "Assembly-CSharp", "Assembly-CSharp.csproj", "{623b4ae8-2cb1-687b-a325-42c3a3dc2787}"
EndProject
Project("{FAE04EC0-301F-11D3-BF4B-00C04F79EFBC}") = "Assembly-CSharp-Editor-firstpass", "Assembly-CSharp-Editor-firstpass.csproj", "{e2e69c4a-2d8e-1659-57aa-914b62dd3f4d}"
EndProject
Global
	GlobalSection(SolutionConfigurationPlatforms) = preSolution
		Debug|Any CPU = Debug|Any CPU
	EndGlobalSection
	GlobalSection(ProjectConfigurationPlatforms) = postSolution
		{79341a73-b3f2-3e12-4ed9-45f88f48a466}.Debug|Any CPU.ActiveCfg = Debug|Any CPU
		{79341a73-b3f2-3e12-4ed9-45f88f48a466}.Debug|Any CPU.Build.0 = Debug|Any CPU
		{623b4ae8-2cb1-687b-a325-42c3a3dc2787}.Debug|Any CPU.ActiveCfg = Debug|Any CPU
		{623b4ae8-2cb1-687b-a325-42c3a3dc2787}.Debug|Any CPU.Build.0 = Debug|Any CPU
		{e2e69c4a-2d8e-1659-57aa-914b62dd3f4d}.Debug|Any CPU.ActiveCfg = Debug|Any CPU
		{e2e69c4a-2d8e-1659-57aa-914b62dd3f4d}.Debug|Any CPU.Build.0 = Debug|Any CPU
	EndGlobalSection
	GlobalSection(SolutionProperties) = preSolution
		HideSolutionNode = FALSE
	EndGlobalSection
EndGlobal
